
Microsoft Visual Studio Solution File, Format Version 11.00
# Visual Studio 2010
Project("{8BC9CEB8-8B4A-11D0-8D11-00A0C91BC942}") = "tv_pult", "tv_pult\tv_pult.vcxproj", "{B9D9EFC4-D615-4ED7-947C-15D7F53CAFDF}"
EndProject
Global
	GlobalSection(SolutionConfigurationPlatforms) = preSolution
		Debug|Win32 = Debug|Win32
		Release|Win32 = Release|Win32
	EndGlobalSection
	GlobalSection(ProjectConfigurationPlatforms) = postSolution
		{B9D9EFC4-D615-4ED7-947C-15D7F53CAFDF}.Debug|Win32.ActiveCfg = Debug|Win32
		{B9D9EFC4-D615-4ED7-947C-15D7F53CAFDF}.Debug|Win32.Build.0 = Debug|Win32
		{B9D9EFC4-D615-4ED7-947C-15D7F53CAFDF}.Release|Win32.ActiveCfg = Release|Win32
		{B9D9EFC4-D615-4ED7-947C-15D7F53CAFDF}.Release|Win32.Build.0 = Release|Win32
	EndGlobalSection
	GlobalSection(SolutionProperties) = preSolution
		HideSolutionNode = FALSE
	EndGlobalSection
EndGlobal
